// !$*UTF8*$!
{
	archiveVersion = 1;
	classes = {
	};
	objectVersion = 55;
	objects = {

/* Begin PBXBuildFile section */
		412C5604286702C500327F56 /* AppDelegate.swift in Sources */ = {isa = PBXBuildFile; fileRef = 412C5603286702C500327F56 /* AppDelegate.swift */; };
		412C5606286702C600327F56 /* GameScene.sks in Resources */ = {isa = PBXBuildFile; fileRef = 412C5605286702C600327F56 /* GameScene.sks */; };
		412C560A286702C600327F56 /* GameScene.swift in Sources */ = {isa = PBXBuildFile; fileRef = 412C5609286702C600327F56 /* GameScene.swift */; };
		412C560C286702C600327F56 /* GameViewController.swift in Sources */ = {isa = PBXBuildFile; fileRef = 412C560B286702C600327F56 /* GameViewController.swift */; };
		412C560F286702C600327F56 /* Main.storyboard in Resources */ = {isa = PBXBuildFile; fileRef = 412C560D286702C600327F56 /* Main.storyboard */; };
		412C5611286702CE00327F56 /* Assets.xcassets in Resources */ = {isa = PBXBuildFile; fileRef = 412C5610286702CE00327F56 /* Assets.xcassets */; };
		412C5614286702CE00327F56 /* LaunchScreen.storyboard in Resources */ = {isa = PBXBuildFile; fileRef = 412C5612286702CE00327F56 /* LaunchScreen.storyboard */; };
		412C56252867039F00327F56 /* sliceFuse.sks in Resources */ = {isa = PBXBuildFile; fileRef = 412C561A2867039200327F56 /* sliceFuse.sks */; };
		412C56262867039F00327F56 /* swoosh2.caf in Resources */ = {isa = PBXBuildFile; fileRef = 412C561B2867039300327F56 /* swoosh2.caf */; };
		412C56272867039F00327F56 /* launch.caf in Resources */ = {isa = PBXBuildFile; fileRef = 412C561C2867039300327F56 /* launch.caf */; };
		412C56282867039F00327F56 /* sliceBombFuse.caf in Resources */ = {isa = PBXBuildFile; fileRef = 412C561D2867039B00327F56 /* sliceBombFuse.caf */; };
		412C56292867039F00327F56 /* swoosh1.caf in Resources */ = {isa = PBXBuildFile; fileRef = 412C561E2867039B00327F56 /* swoosh1.caf */; };
		412C562A2867039F00327F56 /* wrong.caf in Resources */ = {isa = PBXBuildFile; fileRef = 412C561F2867039C00327F56 /* wrong.caf */; };
		412C562B2867039F00327F56 /* explosion.caf in Resources */ = {isa = PBXBuildFile; fileRef = 412C56202867039C00327F56 /* explosion.caf */; };
		412C562C2867039F00327F56 /* sliceHitEnemy.sks in Resources */ = {isa = PBXBuildFile; fileRef = 412C56212867039D00327F56 /* sliceHitEnemy.sks */; };
		412C562D2867039F00327F56 /* swoosh3.caf in Resources */ = {isa = PBXBuildFile; fileRef = 412C56222867039D00327F56 /* swoosh3.caf */; };
		412C562E2867039F00327F56 /* whack.caf in Resources */ = {isa = PBXBuildFile; fileRef = 412C56232867039E00327F56 /* whack.caf */; };
		412C562F2867039F00327F56 /* sliceHitBomb.sks in Resources */ = {isa = PBXBuildFile; fileRef = 412C56242867039E00327F56 /* sliceHitBomb.sks */; };
/* End PBXBuildFile section */

/* Begin PBXFileReference section */
		412C5600286702C500327F56 /* Project23.app */ = {isa = PBXFileReference; explicitFileType = wrapper.application; includeInIndex = 0; path = Project23.app; sourceTree = BUILT_PRODUCTS_DIR; };
		412C5603286702C500327F56 /* AppDelegate.swift */ = {isa = PBXFileReference; lastKnownFileType = sourcecode.swift; path = AppDelegate.swift; sourceTree = "<group>"; };
		412C5605286702C600327F56 /* GameScene.sks */ = {isa = PBXFileReference; lastKnownFileType = file.sks; path = GameScene.sks; sourceTree = "<group>"; };
		412C5609286702C600327F56 /* GameScene.swift */ = {isa = PBXFileReference; lastKnownFileType = sourcecode.swift; path = GameScene.swift; sourceTree = "<group>"; };
		412C560B286702C600327F56 /* GameViewController.swift */ = {isa = PBXFileReference; lastKnownFileType = sourcecode.swift; path = GameViewController.swift; sourceTree = "<group>"; };
		412C560E286702C600327F56 /* Base */ = {isa = PBXFileReference; lastKnownFileType = file.storyboard; name = Base; path = Base.lproj/Main.storyboard; sourceTree = "<group>"; };
		412C5610286702CE00327F56 /* Assets.xcassets */ = {isa = PBXFileReference; lastKnownFileType = folder.assetcatalog; path = Assets.xcassets; sourceTree = "<group>"; };
		412C5613286702CE00327F56 /* Base */ = {isa = PBXFileReference; lastKnownFileType = file.storyboard; name = Base; path = Base.lproj/LaunchScreen.storyboard; sourceTree = "<group>"; };
		412C561A2867039200327F56 /* sliceFuse.sks */ = {isa = PBXFileReference; lastKnownFileType = file.sks; path = sliceFuse.sks; sourceTree = "<group>"; };
		412C561B2867039300327F56 /* swoosh2.caf */ = {isa = PBXFileReference; lastKnownFileType = file; path = swoosh2.caf; sourceTree = "<group>"; };
		412C561C2867039300327F56 /* launch.caf */ = {isa = PBXFileReference; lastKnownFileType = file; path = launch.caf; sourceTree = "<group>"; };
		412C561D2867039B00327F56 /* sliceBombFuse.caf */ = {isa = PBXFileReference; lastKnownFileType = file; path = sliceBombFuse.caf; sourceTree = "<group>"; };
		412C561E2867039B00327F56 /* swoosh1.caf */ = {isa = PBXFileReference; lastKnownFileType = file; path = swoosh1.caf; sourceTree = "<group>"; };
		412C561F2867039C00327F56 /* wrong.caf */ = {isa = PBXFileReference; lastKnownFileType = file; path = wrong.caf; sourceTree = "<group>"; };
		412C56202867039C00327F56 /* explosion.caf */ = {isa = PBXFileReference; lastKnownFileType = file; path = explosion.caf; sourceTree = "<group>"; };
		412C56212867039D00327F56 /* sliceHitEnemy.sks */ = {isa = PBXFileReference; lastKnownFileType = file.sks; path = sliceHitEnemy.sks; sourceTree = "<group>"; };
		412C56222867039D00327F56 /* swoosh3.caf */ = {isa = PBXFileReference; lastKnownFileType = file; path = swoosh3.caf; sourceTree = "<group>"; };
		412C56232867039E00327F56 /* whack.caf */ = {isa = PBXFileReference; lastKnownFileType = file; path = whack.caf; sourceTree = "<group>"; };
		412C56242867039E00327F56 /* sliceHitBomb.sks */ = {isa = PBXFileReference; lastKnownFileType = file.sks; path = sliceHitBomb.sks; sourceTree = "<group>"; };
/* End PBXFileReference section */

/* Begin PBXFrameworksBuildPhase section */
		412C55FD286702C500327F56 /* Frameworks */ = {
			isa = PBXFrameworksBuildPhase;
			buildActionMask = 2147483647;
			files = (
			);
			runOnlyForDeploymentPostprocessing = 0;
		};
/* End PBXFrameworksBuildPhase section */

/* Begin PBXGroup section */
		412C55F7286702C500327F56 = {
			isa = PBXGroup;
			children = (
				412C5602286702C500327F56 /* Project23 */,
				412C5601286702C500327F56 /* Products */,
			);
			sourceTree = "<group>";
		};
		412C5601286702C500327F56 /* Products */ = {
			isa = PBXGroup;
			children = (
				412C5600286702C500327F56 /* Project23.app */,
			);
			name = Products;
			sourceTree = "<group>";
		};
		412C5602286702C500327F56 /* Project23 */ = {
			isa = PBXGroup;
			children = (
				412C5603286702C500327F56 /* AppDelegate.swift */,
				412C5605286702C600327F56 /* GameScene.sks */,
				412C5609286702C600327F56 /* GameScene.swift */,
				412C560B286702C600327F56 /* GameViewController.swift */,
				412C560D286702C600327F56 /* Main.storyboard */,
				412C5610286702CE00327F56 /* Assets.xcassets */,
				412C5612286702CE00327F56 /* LaunchScreen.storyboard */,
				412C56202867039C00327F56 /* explosion.caf */,
				412C561C2867039300327F56 /* launch.caf */,
				412C561D2867039B00327F56 /* sliceBombFuse.caf */,
				412C561A2867039200327F56 /* sliceFuse.sks */,
				412C56242867039E00327F56 /* sliceHitBomb.sks */,
				412C56212867039D00327F56 /* sliceHitEnemy.sks */,
				412C561E2867039B00327F56 /* swoosh1.caf */,
				412C561B2867039300327F56 /* swoosh2.caf */,
				412C56222867039D00327F56 /* swoosh3.caf */,
				412C56232867039E00327F56 /* whack.caf */,
				412C561F2867039C00327F56 /* wrong.caf */,
			);
			path = Project23;
			sourceTree = "<group>";
		};
/* End PBXGroup section */

/* Begin PBXNativeTarget section */
		412C55FF286702C500327F56 /* Project23 */ = {
			isa = PBXNativeTarget;
			buildConfigurationList = 412C5617286702CE00327F56 /* Build configuration list for PBXNativeTarget "Project23" */;
			buildPhases = (
				412C55FC286702C500327F56 /* Sources */,
				412C55FD286702C500327F56 /* Frameworks */,
				412C55FE286702C500327F56 /* Resources */,
			);
			buildRules = (
			);
			dependencies = (
			);
			name = Project23;
			productName = Project23;
			productReference = 412C5600286702C500327F56 /* Project23.app */;
			productType = "com.apple.product-type.application";
		};
/* End PBXNativeTarget section */

/* Begin PBXProject section */
		412C55F8286702C500327F56 /* Project object */ = {
			isa = PBXProject;
			attributes = {
				BuildIndependentTargetsInParallel = 1;
				LastSwiftUpdateCheck = 1320;
				LastUpgradeCheck = 1320;
				TargetAttributes = {
					412C55FF286702C500327F56 = {
						CreatedOnToolsVersion = 13.2.1;
					};
				};
			};
			buildConfigurationList = 412C55FB286702C500327F56 /* Build configuration list for PBXProject "Project23" */;
			compatibilityVersion = "Xcode 13.0";
			developmentRegion = en;
			hasScannedForEncodings = 0;
			knownRegions = (
				en,
				Base,
			);
			mainGroup = 412C55F7286702C500327F56;
			productRefGroup = 412C5601286702C500327F56 /* Products */;
			projectDirPath = "";
			projectRoot = "";
			targets = (
				412C55FF286702C500327F56 /* Project23 */,
			);
		};
/* End PBXProject section */

/* Begin PBXResourcesBuildPhase section */
		412C55FE286702C500327F56 /* Resources */ = {
			isa = PBXResourcesBuildPhase;
			buildActionMask = 2147483647;
			files = (
				412C560F286702C600327F56 /* Main.storyboard in Resources */,
				412C5606286702C600327F56 /* GameScene.sks in Resources */,
				412C56262867039F00327F56 /* swoosh2.caf in Resources */,
				412C562C2867039F00327F56 /* sliceHitEnemy.sks in Resources */,
				412C56272867039F00327F56 /* launch.caf in Resources */,
				412C562B2867039F00327F56 /* explosion.caf in Resources */,
				412C56282867039F00327F56 /* sliceBombFuse.caf in Resources */,
				412C56252867039F00327F56 /* sliceFuse.sks in Resources */,
				412C5611286702CE00327F56 /* Assets.xcassets in Resources */,
				412C562F2867039F00327F56 /* sliceHitBomb.sks in Resources */,
				412C562E2867039F00327F56 /* whack.caf in Resources */,
				412C5614286702CE00327F56 /* LaunchScreen.storyboard in Resources */,
				412C562D2867039F00327F56 /* swoosh3.caf in Resources */,
				412C562A2867039F00327F56 /* wrong.caf in Resources */,
				412C56292867039F00327F56 /* swoosh1.caf in Resources */,
			);
			runOnlyForDeploymentPostprocessing = 0;
		};
/* End PBXResourcesBuildPhase section */

/* Begin PBXSourcesBuildPhase section */
		412C55FC286702C500327F56 /* Sources */ = {
			isa = PBXSourcesBuildPhase;
			buildActionMask = 2147483647;
			files = (
				412C560A286702C600327F56 /* GameScene.swift in Sources */,
				412C560C286702C600327F56 /* GameViewController.swift in Sources */,
				412C5604286702C500327F56 /* AppDelegate.swift in Sources */,
			);
			runOnlyForDeploymentPostprocessing = 0;
		};
/* End PBXSourcesBuildPhase section */

/* Begin PBXVariantGroup section */
		412C560D286702C600327F56 /* Main.storyboard */ = {
			isa = PBXVariantGroup;
			children = (
				412C560E286702C600327F56 /* Base */,
			);
			name = Main.storyboard;
			sourceTree = "<group>";
		};
		412C5612286702CE00327F56 /* LaunchScreen.storyboard */ = {
			isa = PBXVariantGroup;
			children = (
				412C5613286702CE00327F56 /* Base */,
			);
			name = LaunchScreen.storyboard;
			sourceTree = "<group>";
		};
/* End PBXVariantGroup section */

/* Begin XCBuildConfiguration section */
		412C5615286702CE00327F56 /* Debug */ = {
			isa = XCBuildConfiguration;
			buildSettings = {
				ALWAYS_SEARCH_USER_PATHS = NO;
				CLANG_ANALYZER_NONNULL = YES;
				CLANG_ANALYZER_NUMBER_OBJECT_CONVERSION = YES_AGGRESSIVE;
				CLANG_CXX_LANGUAGE_STANDARD = "gnu++17";
				CLANG_CXX_LIBRARY = "libc++";
				CLANG_ENABLE_MODULES = YES;
				CLANG_ENABLE_OBJC_ARC = YES;
				CLANG_ENABLE_OBJC_WEAK = YES;
				CLANG_WARN_BLOCK_CAPTURE_AUTORELEASING = YES;
				CLANG_WARN_BOOL_CONVERSION = YES;
				CLANG_WARN_COMMA = YES;
				CLANG_WARN_CONSTANT_CONVERSION = YES;
				CLANG_WARN_DEPRECATED_OBJC_IMPLEMENTATIONS = YES;
				CLANG_WARN_DIRECT_OBJC_ISA_USAGE = YES_ERROR;
				CLANG_WARN_DOCUMENTATION_COMMENTS = YES;
				CLANG_WARN_EMPTY_BODY = YES;
				CLANG_WARN_ENUM_CONVERSION = YES;
				CLANG_WARN_INFINITE_RECURSION = YES;
				CLANG_WARN_INT_CONVERSION = YES;
				CLANG_WARN_NON_LITERAL_NULL_CONVERSION = YES;
				CLANG_WARN_OBJC_IMPLICIT_RETAIN_SELF = YES;
				CLANG_WARN_OBJC_LITERAL_CONVERSION = YES;
				CLANG_WARN_OBJC_ROOT_CLASS = YES_ERROR;
				CLANG_WARN_QUOTED_INCLUDE_IN_FRAMEWORK_HEADER = YES;
				CLANG_WARN_RANGE_LOOP_ANALYSIS = YES;
				CLANG_WARN_STRICT_PROTOTYPES = YES;
				CLANG_WARN_SUSPICIOUS_MOVE = YES;
				CLANG_WARN_UNGUARDED_AVAILABILITY = YES_AGGRESSIVE;
				CLANG_WARN_UNREACHABLE_CODE = YES;
				CLANG_WARN__DUPLICATE_METHOD_MATCH = YES;
				COPY_PHASE_STRIP = NO;
				DEBUG_INFORMATION_FORMAT = dwarf;
				ENABLE_STRICT_OBJC_MSGSEND = YES;
				ENABLE_TESTABILITY = YES;
				GCC_C_LANGUAGE_STANDARD = gnu11;
				GCC_DYNAMIC_NO_PIC = NO;
				GCC_NO_COMMON_BLOCKS = YES;
				GCC_OPTIMIZATION_LEVEL = 0;
				GCC_PREPROCESSOR_DEFINITIONS = (
					"DEBUG=1",
					"$(inherited)",
				);
				GCC_WARN_64_TO_32_BIT_CONVERSION = YES;
				GCC_WARN_ABOUT_RETURN_TYPE = YES_ERROR;
				GCC_WARN_UNDECLARED_SELECTOR = YES;
				GCC_WARN_UNINITIALIZED_AUTOS = YES_AGGRESSIVE;
				GCC_WARN_UNUSED_FUNCTION = YES;
				GCC_WARN_UNUSED_VARIABLE = YES;
				IPHONEOS_DEPLOYMENT_TARGET = 15.2;
				MTL_ENABLE_DEBUG_INFO = INCLUDE_SOURCE;
				MTL_FAST_MATH = YES;
				ONLY_ACTIVE_ARCH = YES;
				SDKROOT = iphoneos;
				SWIFT_ACTIVE_COMPILATION_CONDITIONS = DEBUG;
				SWIFT_OPTIMIZATION_LEVEL = "-Onone";
			};
			name = Debug;
		};
		412C5616286702CE00327F56 /* Release */ = {
			isa = XCBuildConfiguration;
			buildSettings = {
				ALWAYS_SEARCH_USER_PATHS = NO;
				CLANG_ANALYZER_NONNULL = YES;
				CLANG_ANALYZER_NUMBER_OBJECT_CONVERSION = YES_AGGRESSIVE;
				CLANG_CXX_LANGUAGE_STANDARD = "gnu++17";
				CLANG_CXX_LIBRARY = "libc++";
				CLANG_ENABLE_MODULES = YES;
				CLANG_ENABLE_OBJC_ARC = YES;
				CLANG_ENABLE_OBJC_WEAK = YES;
				CLANG_WARN_BLOCK_CAPTURE_AUTORELEASING = YES;
				CLANG_WARN_BOOL_CONVERSION = YES;
				CLANG_WARN_COMMA = YES;
				CLANG_WARN_CONSTANT_CONVERSION = YES;
				CLANG_WARN_DEPRECATED_OBJC_IMPLEMENTATIONS = YES;
				CLANG_WARN_DIRECT_OBJC_ISA_USAGE = YES_ERROR;
				CLANG_WARN_DOCUMENTATION_COMMENTS = YES;
				CLANG_WARN_EMPTY_BODY = YES;
				CLANG_WARN_ENUM_CONVERSION = YES;
				CLANG_WARN_INFINITE_RECURSION = YES;
				CLANG_WARN_INT_CONVERSION = YES;
				CLANG_WARN_NON_LITERAL_NULL_CONVERSION = YES;
				CLANG_WARN_OBJC_IMPLICIT_RETAIN_SELF = YES;
				CLANG_WARN_OBJC_LITERAL_CONVERSION = YES;
				CLANG_WARN_OBJC_ROOT_CLASS = YES_ERROR;
				CLANG_WARN_QUOTED_INCLUDE_IN_FRAMEWORK_HEADER = YES;
				CLANG_WARN_RANGE_LOOP_ANALYSIS = YES;
				CLANG_WARN_STRICT_PROTOTYPES = YES;
				CLANG_WARN_SUSPICIOUS_MOVE = YES;
				CLANG_WARN_UNGUARDED_AVAILABILITY = YES_AGGRESSIVE;
				CLANG_WARN_UNREACHABLE_CODE = YES;
				CLANG_WARN__DUPLICATE_METHOD_MATCH = YES;
				COPY_PHASE_STRIP = NO;
				DEBUG_INFORMATION_FORMAT = "dwarf-with-dsym";
				ENABLE_NS_ASSERTIONS = NO;
				ENABLE_STRICT_OBJC_MSGSEND = YES;
				GCC_C_LANGUAGE_STANDARD = gnu11;
				GCC_NO_COMMON_BLOCKS = YES;
				GCC_WARN_64_TO_32_BIT_CONVERSION = YES;
				GCC_WARN_ABOUT_RETURN_TYPE = YES_ERROR;
				GCC_WARN_UNDECLARED_SELECTOR = YES;
				GCC_WARN_UNINITIALIZED_AUTOS = YES_AGGRESSIVE;
				GCC_WARN_UNUSED_FUNCTION = YES;
				GCC_WARN_UNUSED_VARIABLE = YES;
				IPHONEOS_DEPLOYMENT_TARGET = 15.2;
				MTL_ENABLE_DEBUG_INFO = NO;
				MTL_FAST_MATH = YES;
				SDKROOT = iphoneos;
				SWIFT_COMPILATION_MODE = wholemodule;
				SWIFT_OPTIMIZATION_LEVEL = "-O";
				VALIDATE_PRODUCT = YES;
			};
			name = Release;
		};
		412C5618286702CE00327F56 /* Debug */ = {
			isa = XCBuildConfiguration;
			buildSettings = {
				ASSETCATALOG_COMPILER_APPICON_NAME = AppIcon;
				ASSETCATALOG_COMPILER_GLOBAL_ACCENT_COLOR_NAME = AccentColor;
				CODE_SIGN_STYLE = Automatic;
				CURRENT_PROJECT_VERSION = 1;
				DEVELOPMENT_TEAM = UMLAGLZ8L9;
				GENERATE_INFOPLIST_FILE = YES;
				INFOPLIST_KEY_UIApplicationSupportsIndirectInputEvents = YES;
				INFOPLIST_KEY_UILaunchStoryboardName = LaunchScreen;
				INFOPLIST_KEY_UIMainStoryboardFile = Main;
				INFOPLIST_KEY_UIRequiresFullScreen = YES;
				INFOPLIST_KEY_UIStatusBarHidden = YES;
				INFOPLIST_KEY_UISupportedInterfaceOrientations_iPad = "UIInterfaceOrientationLandscapeLeft UIInterfaceOrientationLandscapeRight";
				INFOPLIST_KEY_UISupportedInterfaceOrientations_iPhone = "UIInterfaceOrientationPortrait UIInterfaceOrientationLandscapeLeft UIInterfaceOrientationLandscapeRight";
				IPHONEOS_DEPLOYMENT_TARGET = 15.0;
				LD_RUNPATH_SEARCH_PATHS = (
					"$(inherited)",
					"@executable_path/Frameworks",
				);
				MARKETING_VERSION = 1.0;
				PRODUCT_BUNDLE_IDENTIFIER = com.project8asd.Project23;
				PRODUCT_NAME = "$(TARGET_NAME)";
				SWIFT_EMIT_LOC_STRINGS = YES;
				SWIFT_VERSION = 5.0;
				TARGETED_DEVICE_FAMILY = 2;
			};
			name = Debug;
		};
		412C5619286702CE00327F56 /* Release */ = {
			isa = XCBuildConfiguration;
			buildSettings = {
				ASSETCATALOG_COMPILER_APPICON_NAME = AppIcon;
				ASSETCATALOG_COMPILER_GLOBAL_ACCENT_COLOR_NAME = AccentColor;
				CODE_SIGN_STYLE = Automatic;
				CURRENT_PROJECT_VERSION = 1;
				DEVELOPMENT_TEAM = UMLAGLZ8L9;
				GENERATE_INFOPLIST_FILE = YES;
				INFOPLIST_KEY_UIApplicationSupportsIndirectInputEvents = YES;
				INFOPLIST_KEY_UILaunchStoryboardName = LaunchScreen;
				INFOPLIST_KEY_UIMainStoryboardFile = Main;
				INFOPLIST_KEY_UIRequiresFullScreen = YES;
				INFOPLIST_KEY_UIStatusBarHidden = YES;
				INFOPLIST_KEY_UISupportedInterfaceOrientations_iPad = "UIInterfaceOrientationLandscapeLeft UIInterfaceOrientationLandscapeRight";
				INFOPLIST_KEY_UISupportedInterfaceOrientations_iPhone = "UIInterfaceOrientationPortrait UIInterfaceOrientationLandscapeLeft UIInterfaceOrientationLandscapeRight";
				IPHONEOS_DEPLOYMENT_TARGET = 15.0;
				LD_RUNPATH_SEARCH_PATHS = (
					"$(inherited)",
					"@executable_path/Frameworks",
				);
				MARKETING_VERSION = 1.0;
				PRODUCT_BUNDLE_IDENTIFIER = com.project8asd.Project23;
				PRODUCT_NAME = "$(TARGET_NAME)";
				SWIFT_EMIT_LOC_STRINGS = YES;
				SWIFT_VERSION = 5.0;
				TARGETED_DEVICE_FAMILY = 2;
			};
			name = Release;
		};
/* End XCBuildConfiguration section */

/* Begin XCConfigurationList section */
		412C55FB286702C500327F56 /* Build configuration list for PBXProject "Project23" */ = {
			isa = XCConfigurationList;
			buildConfigurations = (
				412C5615286702CE00327F56 /* Debug */,
				412C5616286702CE00327F56 /* Release */,
			);
			defaultConfigurationIsVisible = 0;
			defaultConfigurationName = Release;
		};
		412C5617286702CE00327F56 /* Build configuration list for PBXNativeTarget "Project23" */ = {
			isa = XCConfigurationList;
			buildConfigurations = (
				412C5618286702CE00327F56 /* Debug */,
				412C5619286702CE00327F56 /* Release */,
			);
			defaultConfigurationIsVisible = 0;
			defaultConfigurationName = Release;
		};
/* End XCConfigurationList section */
	};
	rootObject = 412C55F8286702C500327F56 /* Project object */;
}
