// !$*UTF8*$!
{
	archiveVersion = 1;
	classes = {
	};
	objectVersion = 55;
	objects = {

/* Begin PBXBuildFile section */
		4101181128A28B8F00D01E79 /* AppDelegate.swift in Sources */ = {isa = PBXBuildFile; fileRef = 4101181028A28B8F00D01E79 /* AppDelegate.swift */; };
		4101181328A28B8F00D01E79 /* SceneDelegate.swift in Sources */ = {isa = PBXBuildFile; fileRef = 4101181228A28B8F00D01E79 /* SceneDelegate.swift */; };
		4101181528A28B8F00D01E79 /* ViewController.swift in Sources */ = {isa = PBXBuildFile; fileRef = 4101181428A28B8F00D01E79 /* ViewController.swift */; };
		4101181828A28B8F00D01E79 /* Main.storyboard in Resources */ = {isa = PBXBuildFile; fileRef = 4101181628A28B8F00D01E79 /* Main.storyboard */; };
		4101181A28A28B9C00D01E79 /* Assets.xcassets in Resources */ = {isa = PBXBuildFile; fileRef = 4101181928A28B9C00D01E79 /* Assets.xcassets */; };
		4101181D28A28B9C00D01E79 /* LaunchScreen.storyboard in Resources */ = {isa = PBXBuildFile; fileRef = 4101181B28A28B9C00D01E79 /* LaunchScreen.storyboard */; };
		4101182528A2962500D01E79 /* WordCardCell.swift in Sources */ = {isa = PBXBuildFile; fileRef = 4101182428A2962500D01E79 /* WordCardCell.swift */; };
		4101182728A2976C00D01E79 /* Card.swift in Sources */ = {isa = PBXBuildFile; fileRef = 4101182628A2976C00D01E79 /* Card.swift */; };
		4101182928A3B9F600D01E79 /* ImageCardCell.swift in Sources */ = {isa = PBXBuildFile; fileRef = 4101182828A3B9F500D01E79 /* ImageCardCell.swift */; };
		4101182B28A3C38100D01E79 /* CardCell.swift in Sources */ = {isa = PBXBuildFile; fileRef = 4101182A28A3C38100D01E79 /* CardCell.swift */; };
		4101182E28A3DDDD00D01E79 /* WordCard.swift in Sources */ = {isa = PBXBuildFile; fileRef = 4101182D28A3DDDD00D01E79 /* WordCard.swift */; };
		4101183028A3DDF300D01E79 /* ImageCard.swift in Sources */ = {isa = PBXBuildFile; fileRef = 4101182F28A3DDF300D01E79 /* ImageCard.swift */; };
/* End PBXBuildFile section */

/* Begin PBXFileReference section */
		4101180D28A28B8F00D01E79 /* Consolidation11.app */ = {isa = PBXFileReference; explicitFileType = wrapper.application; includeInIndex = 0; path = Consolidation11.app; sourceTree = BUILT_PRODUCTS_DIR; };
		4101181028A28B8F00D01E79 /* AppDelegate.swift */ = {isa = PBXFileReference; lastKnownFileType = sourcecode.swift; path = AppDelegate.swift; sourceTree = "<group>"; };
		4101181228A28B8F00D01E79 /* SceneDelegate.swift */ = {isa = PBXFileReference; lastKnownFileType = sourcecode.swift; path = SceneDelegate.swift; sourceTree = "<group>"; };
		4101181428A28B8F00D01E79 /* ViewController.swift */ = {isa = PBXFileReference; lastKnownFileType = sourcecode.swift; path = ViewController.swift; sourceTree = "<group>"; };
		4101181728A28B8F00D01E79 /* Base */ = {isa = PBXFileReference; lastKnownFileType = file.storyboard; name = Base; path = Base.lproj/Main.storyboard; sourceTree = "<group>"; };
		4101181928A28B9C00D01E79 /* Assets.xcassets */ = {isa = PBXFileReference; lastKnownFileType = folder.assetcatalog; path = Assets.xcassets; sourceTree = "<group>"; };
		4101181C28A28B9C00D01E79 /* Base */ = {isa = PBXFileReference; lastKnownFileType = file.storyboard; name = Base; path = Base.lproj/LaunchScreen.storyboard; sourceTree = "<group>"; };
		4101181E28A28B9C00D01E79 /* Info.plist */ = {isa = PBXFileReference; lastKnownFileType = text.plist.xml; path = Info.plist; sourceTree = "<group>"; };
		4101182428A2962500D01E79 /* WordCardCell.swift */ = {isa = PBXFileReference; lastKnownFileType = sourcecode.swift; path = WordCardCell.swift; sourceTree = "<group>"; };
		4101182628A2976C00D01E79 /* Card.swift */ = {isa = PBXFileReference; lastKnownFileType = sourcecode.swift; path = Card.swift; sourceTree = "<group>"; };
		4101182828A3B9F500D01E79 /* ImageCardCell.swift */ = {isa = PBXFileReference; lastKnownFileType = sourcecode.swift; path = ImageCardCell.swift; sourceTree = "<group>"; };
		4101182A28A3C38100D01E79 /* CardCell.swift */ = {isa = PBXFileReference; lastKnownFileType = sourcecode.swift; path = CardCell.swift; sourceTree = "<group>"; };
		4101182D28A3DDDD00D01E79 /* WordCard.swift */ = {isa = PBXFileReference; lastKnownFileType = sourcecode.swift; path = WordCard.swift; sourceTree = "<group>"; };
		4101182F28A3DDF300D01E79 /* ImageCard.swift */ = {isa = PBXFileReference; lastKnownFileType = sourcecode.swift; path = ImageCard.swift; sourceTree = "<group>"; };
/* End PBXFileReference section */

/* Begin PBXFrameworksBuildPhase section */
		4101180A28A28B8F00D01E79 /* Frameworks */ = {
			isa = PBXFrameworksBuildPhase;
			buildActionMask = 2147483647;
			files = (
			);
			runOnlyForDeploymentPostprocessing = 0;
		};
/* End PBXFrameworksBuildPhase section */

/* Begin PBXGroup section */
		4101180428A28B8F00D01E79 = {
			isa = PBXGroup;
			children = (
				4101180F28A28B8F00D01E79 /* Consolidation11 */,
				4101180E28A28B8F00D01E79 /* Products */,
			);
			sourceTree = "<group>";
		};
		4101180E28A28B8F00D01E79 /* Products */ = {
			isa = PBXGroup;
			children = (
				4101180D28A28B8F00D01E79 /* Consolidation11.app */,
			);
			name = Products;
			sourceTree = "<group>";
		};
		4101180F28A28B8F00D01E79 /* Consolidation11 */ = {
			isa = PBXGroup;
			children = (
				4101181028A28B8F00D01E79 /* AppDelegate.swift */,
				4101181228A28B8F00D01E79 /* SceneDelegate.swift */,
				4101181428A28B8F00D01E79 /* ViewController.swift */,
				4101182A28A3C38100D01E79 /* CardCell.swift */,
				4101182428A2962500D01E79 /* WordCardCell.swift */,
				4101182828A3B9F500D01E79 /* ImageCardCell.swift */,
				4101182628A2976C00D01E79 /* Card.swift */,
				4101182D28A3DDDD00D01E79 /* WordCard.swift */,
				4101182F28A3DDF300D01E79 /* ImageCard.swift */,
				4101181628A28B8F00D01E79 /* Main.storyboard */,
				4101181928A28B9C00D01E79 /* Assets.xcassets */,
				4101181B28A28B9C00D01E79 /* LaunchScreen.storyboard */,
				4101181E28A28B9C00D01E79 /* Info.plist */,
			);
			path = Consolidation11;
			sourceTree = "<group>";
		};
/* End PBXGroup section */

/* Begin PBXNativeTarget section */
		4101180C28A28B8F00D01E79 /* Consolidation11 */ = {
			isa = PBXNativeTarget;
			buildConfigurationList = 4101182128A28B9C00D01E79 /* Build configuration list for PBXNativeTarget "Consolidation11" */;
			buildPhases = (
				4101180928A28B8F00D01E79 /* Sources */,
				4101180A28A28B8F00D01E79 /* Frameworks */,
				4101180B28A28B8F00D01E79 /* Resources */,
			);
			buildRules = (
			);
			dependencies = (
			);
			name = Consolidation11;
			productName = Consolidation11;
			productReference = 4101180D28A28B8F00D01E79 /* Consolidation11.app */;
			productType = "com.apple.product-type.application";
		};
/* End PBXNativeTarget section */

/* Begin PBXProject section */
		4101180528A28B8F00D01E79 /* Project object */ = {
			isa = PBXProject;
			attributes = {
				BuildIndependentTargetsInParallel = 1;
				LastSwiftUpdateCheck = 1320;
				LastUpgradeCheck = 1320;
				TargetAttributes = {
					4101180C28A28B8F00D01E79 = {
						CreatedOnToolsVersion = 13.2.1;
					};
				};
			};
			buildConfigurationList = 4101180828A28B8F00D01E79 /* Build configuration list for PBXProject "Consolidation11" */;
			compatibilityVersion = "Xcode 13.0";
			developmentRegion = en;
			hasScannedForEncodings = 0;
			knownRegions = (
				en,
				Base,
			);
			mainGroup = 4101180428A28B8F00D01E79;
			productRefGroup = 4101180E28A28B8F00D01E79 /* Products */;
			projectDirPath = "";
			projectRoot = "";
			targets = (
				4101180C28A28B8F00D01E79 /* Consolidation11 */,
			);
		};
/* End PBXProject section */

/* Begin PBXResourcesBuildPhase section */
		4101180B28A28B8F00D01E79 /* Resources */ = {
			isa = PBXResourcesBuildPhase;
			buildActionMask = 2147483647;
			files = (
				4101181D28A28B9C00D01E79 /* LaunchScreen.storyboard in Resources */,
				4101181A28A28B9C00D01E79 /* Assets.xcassets in Resources */,
				4101181828A28B8F00D01E79 /* Main.storyboard in Resources */,
			);
			runOnlyForDeploymentPostprocessing = 0;
		};
/* End PBXResourcesBuildPhase section */

/* Begin PBXSourcesBuildPhase section */
		4101180928A28B8F00D01E79 /* Sources */ = {
			isa = PBXSourcesBuildPhase;
			buildActionMask = 2147483647;
			files = (
				4101182B28A3C38100D01E79 /* CardCell.swift in Sources */,
				4101183028A3DDF300D01E79 /* ImageCard.swift in Sources */,
				4101181528A28B8F00D01E79 /* ViewController.swift in Sources */,
				4101181128A28B8F00D01E79 /* AppDelegate.swift in Sources */,
				4101182728A2976C00D01E79 /* Card.swift in Sources */,
				4101182928A3B9F600D01E79 /* ImageCardCell.swift in Sources */,
				4101181328A28B8F00D01E79 /* SceneDelegate.swift in Sources */,
				4101182528A2962500D01E79 /* WordCardCell.swift in Sources */,
				4101182E28A3DDDD00D01E79 /* WordCard.swift in Sources */,
			);
			runOnlyForDeploymentPostprocessing = 0;
		};
/* End PBXSourcesBuildPhase section */

/* Begin PBXVariantGroup section */
		4101181628A28B8F00D01E79 /* Main.storyboard */ = {
			isa = PBXVariantGroup;
			children = (
				4101181728A28B8F00D01E79 /* Base */,
			);
			name = Main.storyboard;
			sourceTree = "<group>";
		};
		4101181B28A28B9C00D01E79 /* LaunchScreen.storyboard */ = {
			isa = PBXVariantGroup;
			children = (
				4101181C28A28B9C00D01E79 /* Base */,
			);
			name = LaunchScreen.storyboard;
			sourceTree = "<group>";
		};
/* End PBXVariantGroup section */

/* Begin XCBuildConfiguration section */
		4101181F28A28B9C00D01E79 /* Debug */ = {
			isa = XCBuildConfiguration;
			buildSettings = {
				ALWAYS_SEARCH_USER_PATHS = NO;
				CLANG_ANALYZER_NONNULL = YES;
				CLANG_ANALYZER_NUMBER_OBJECT_CONVERSION = YES_AGGRESSIVE;
				CLANG_CXX_LANGUAGE_STANDARD = "gnu++17";
				CLANG_CXX_LIBRARY = "libc++";
				CLANG_ENABLE_MODULES = YES;
				CLANG_ENABLE_OBJC_ARC = YES;
				CLANG_ENABLE_OBJC_WEAK = YES;
				CLANG_WARN_BLOCK_CAPTURE_AUTORELEASING = YES;
				CLANG_WARN_BOOL_CONVERSION = YES;
				CLANG_WARN_COMMA = YES;
				CLANG_WARN_CONSTANT_CONVERSION = YES;
				CLANG_WARN_DEPRECATED_OBJC_IMPLEMENTATIONS = YES;
				CLANG_WARN_DIRECT_OBJC_ISA_USAGE = YES_ERROR;
				CLANG_WARN_DOCUMENTATION_COMMENTS = YES;
				CLANG_WARN_EMPTY_BODY = YES;
				CLANG_WARN_ENUM_CONVERSION = YES;
				CLANG_WARN_INFINITE_RECURSION = YES;
				CLANG_WARN_INT_CONVERSION = YES;
				CLANG_WARN_NON_LITERAL_NULL_CONVERSION = YES;
				CLANG_WARN_OBJC_IMPLICIT_RETAIN_SELF = YES;
				CLANG_WARN_OBJC_LITERAL_CONVERSION = YES;
				CLANG_WARN_OBJC_ROOT_CLASS = YES_ERROR;
				CLANG_WARN_QUOTED_INCLUDE_IN_FRAMEWORK_HEADER = YES;
				CLANG_WARN_RANGE_LOOP_ANALYSIS = YES;
				CLANG_WARN_STRICT_PROTOTYPES = YES;
				CLANG_WARN_SUSPICIOUS_MOVE = YES;
				CLANG_WARN_UNGUARDED_AVAILABILITY = YES_AGGRESSIVE;
				CLANG_WARN_UNREACHABLE_CODE = YES;
				CLANG_WARN__DUPLICATE_METHOD_MATCH = YES;
				COPY_PHASE_STRIP = NO;
				DEBUG_INFORMATION_FORMAT = dwarf;
				ENABLE_STRICT_OBJC_MSGSEND = YES;
				ENABLE_TESTABILITY = YES;
				GCC_C_LANGUAGE_STANDARD = gnu11;
				GCC_DYNAMIC_NO_PIC = NO;
				GCC_NO_COMMON_BLOCKS = YES;
				GCC_OPTIMIZATION_LEVEL = 0;
				GCC_PREPROCESSOR_DEFINITIONS = (
					"DEBUG=1",
					"$(inherited)",
				);
				GCC_WARN_64_TO_32_BIT_CONVERSION = YES;
				GCC_WARN_ABOUT_RETURN_TYPE = YES_ERROR;
				GCC_WARN_UNDECLARED_SELECTOR = YES;
				GCC_WARN_UNINITIALIZED_AUTOS = YES_AGGRESSIVE;
				GCC_WARN_UNUSED_FUNCTION = YES;
				GCC_WARN_UNUSED_VARIABLE = YES;
				IPHONEOS_DEPLOYMENT_TARGET = 15.2;
				MTL_ENABLE_DEBUG_INFO = INCLUDE_SOURCE;
				MTL_FAST_MATH = YES;
				ONLY_ACTIVE_ARCH = YES;
				SDKROOT = iphoneos;
				SWIFT_ACTIVE_COMPILATION_CONDITIONS = DEBUG;
				SWIFT_OPTIMIZATION_LEVEL = "-Onone";
			};
			name = Debug;
		};
		4101182028A28B9C00D01E79 /* Release */ = {
			isa = XCBuildConfiguration;
			buildSettings = {
				ALWAYS_SEARCH_USER_PATHS = NO;
				CLANG_ANALYZER_NONNULL = YES;
				CLANG_ANALYZER_NUMBER_OBJECT_CONVERSION = YES_AGGRESSIVE;
				CLANG_CXX_LANGUAGE_STANDARD = "gnu++17";
				CLANG_CXX_LIBRARY = "libc++";
				CLANG_ENABLE_MODULES = YES;
				CLANG_ENABLE_OBJC_ARC = YES;
				CLANG_ENABLE_OBJC_WEAK = YES;
				CLANG_WARN_BLOCK_CAPTURE_AUTORELEASING = YES;
				CLANG_WARN_BOOL_CONVERSION = YES;
				CLANG_WARN_COMMA = YES;
				CLANG_WARN_CONSTANT_CONVERSION = YES;
				CLANG_WARN_DEPRECATED_OBJC_IMPLEMENTATIONS = YES;
				CLANG_WARN_DIRECT_OBJC_ISA_USAGE = YES_ERROR;
				CLANG_WARN_DOCUMENTATION_COMMENTS = YES;
				CLANG_WARN_EMPTY_BODY = YES;
				CLANG_WARN_ENUM_CONVERSION = YES;
				CLANG_WARN_INFINITE_RECURSION = YES;
				CLANG_WARN_INT_CONVERSION = YES;
				CLANG_WARN_NON_LITERAL_NULL_CONVERSION = YES;
				CLANG_WARN_OBJC_IMPLICIT_RETAIN_SELF = YES;
				CLANG_WARN_OBJC_LITERAL_CONVERSION = YES;
				CLANG_WARN_OBJC_ROOT_CLASS = YES_ERROR;
				CLANG_WARN_QUOTED_INCLUDE_IN_FRAMEWORK_HEADER = YES;
				CLANG_WARN_RANGE_LOOP_ANALYSIS = YES;
				CLANG_WARN_STRICT_PROTOTYPES = YES;
				CLANG_WARN_SUSPICIOUS_MOVE = YES;
				CLANG_WARN_UNGUARDED_AVAILABILITY = YES_AGGRESSIVE;
				CLANG_WARN_UNREACHABLE_CODE = YES;
				CLANG_WARN__DUPLICATE_METHOD_MATCH = YES;
				COPY_PHASE_STRIP = NO;
				DEBUG_INFORMATION_FORMAT = "dwarf-with-dsym";
				ENABLE_NS_ASSERTIONS = NO;
				ENABLE_STRICT_OBJC_MSGSEND = YES;
				GCC_C_LANGUAGE_STANDARD = gnu11;
				GCC_NO_COMMON_BLOCKS = YES;
				GCC_WARN_64_TO_32_BIT_CONVERSION = YES;
				GCC_WARN_ABOUT_RETURN_TYPE = YES_ERROR;
				GCC_WARN_UNDECLARED_SELECTOR = YES;
				GCC_WARN_UNINITIALIZED_AUTOS = YES_AGGRESSIVE;
				GCC_WARN_UNUSED_FUNCTION = YES;
				GCC_WARN_UNUSED_VARIABLE = YES;
				IPHONEOS_DEPLOYMENT_TARGET = 15.2;
				MTL_ENABLE_DEBUG_INFO = NO;
				MTL_FAST_MATH = YES;
				SDKROOT = iphoneos;
				SWIFT_COMPILATION_MODE = wholemodule;
				SWIFT_OPTIMIZATION_LEVEL = "-O";
				VALIDATE_PRODUCT = YES;
			};
			name = Release;
		};
		4101182228A28B9C00D01E79 /* Debug */ = {
			isa = XCBuildConfiguration;
			buildSettings = {
				ASSETCATALOG_COMPILER_APPICON_NAME = AppIcon;
				ASSETCATALOG_COMPILER_GLOBAL_ACCENT_COLOR_NAME = AccentColor;
				CODE_SIGN_STYLE = Automatic;
				CURRENT_PROJECT_VERSION = 1;
				DEVELOPMENT_TEAM = UMLAGLZ8L9;
				GENERATE_INFOPLIST_FILE = YES;
				INFOPLIST_FILE = Consolidation11/Info.plist;
				INFOPLIST_KEY_UIApplicationSupportsIndirectInputEvents = YES;
				INFOPLIST_KEY_UILaunchStoryboardName = LaunchScreen;
				INFOPLIST_KEY_UIMainStoryboardFile = Main;
				INFOPLIST_KEY_UIRequiresFullScreen = NO;
				INFOPLIST_KEY_UISupportedInterfaceOrientations = "UIInterfaceOrientationPortrait UIInterfaceOrientationPortraitUpsideDown UIInterfaceOrientationLandscapeLeft UIInterfaceOrientationLandscapeRight";
				INFOPLIST_KEY_UISupportedInterfaceOrientations_iPad = "UIInterfaceOrientationLandscapeLeft UIInterfaceOrientationLandscapeRight";
				INFOPLIST_KEY_UISupportedInterfaceOrientations_iPhone = "UIInterfaceOrientationPortrait UIInterfaceOrientationLandscapeLeft UIInterfaceOrientationLandscapeRight";
				IPHONEOS_DEPLOYMENT_TARGET = 15.0;
				LD_RUNPATH_SEARCH_PATHS = (
					"$(inherited)",
					"@executable_path/Frameworks",
				);
				MARKETING_VERSION = 1.0;
				PRODUCT_BUNDLE_IDENTIFIER = com.project8asd.Consolidation11;
				PRODUCT_NAME = "$(TARGET_NAME)";
				SWIFT_EMIT_LOC_STRINGS = YES;
				SWIFT_VERSION = 5.0;
				TARGETED_DEVICE_FAMILY = "1,2";
			};
			name = Debug;
		};
		4101182328A28B9C00D01E79 /* Release */ = {
			isa = XCBuildConfiguration;
			buildSettings = {
				ASSETCATALOG_COMPILER_APPICON_NAME = AppIcon;
				ASSETCATALOG_COMPILER_GLOBAL_ACCENT_COLOR_NAME = AccentColor;
				CODE_SIGN_STYLE = Automatic;
				CURRENT_PROJECT_VERSION = 1;
				DEVELOPMENT_TEAM = UMLAGLZ8L9;
				GENERATE_INFOPLIST_FILE = YES;
				INFOPLIST_FILE = Consolidation11/Info.plist;
				INFOPLIST_KEY_UIApplicationSupportsIndirectInputEvents = YES;
				INFOPLIST_KEY_UILaunchStoryboardName = LaunchScreen;
				INFOPLIST_KEY_UIMainStoryboardFile = Main;
				INFOPLIST_KEY_UIRequiresFullScreen = NO;
				INFOPLIST_KEY_UISupportedInterfaceOrientations = "UIInterfaceOrientationPortrait UIInterfaceOrientationPortraitUpsideDown UIInterfaceOrientationLandscapeLeft UIInterfaceOrientationLandscapeRight";
				INFOPLIST_KEY_UISupportedInterfaceOrientations_iPad = "UIInterfaceOrientationLandscapeLeft UIInterfaceOrientationLandscapeRight";
				INFOPLIST_KEY_UISupportedInterfaceOrientations_iPhone = "UIInterfaceOrientationPortrait UIInterfaceOrientationLandscapeLeft UIInterfaceOrientationLandscapeRight";
				IPHONEOS_DEPLOYMENT_TARGET = 15.0;
				LD_RUNPATH_SEARCH_PATHS = (
					"$(inherited)",
					"@executable_path/Frameworks",
				);
				MARKETING_VERSION = 1.0;
				PRODUCT_BUNDLE_IDENTIFIER = com.project8asd.Consolidation11;
				PRODUCT_NAME = "$(TARGET_NAME)";
				SWIFT_EMIT_LOC_STRINGS = YES;
				SWIFT_VERSION = 5.0;
				TARGETED_DEVICE_FAMILY = "1,2";
			};
			name = Release;
		};
/* End XCBuildConfiguration section */

/* Begin XCConfigurationList section */
		4101180828A28B8F00D01E79 /* Build configuration list for PBXProject "Consolidation11" */ = {
			isa = XCConfigurationList;
			buildConfigurations = (
				4101181F28A28B9C00D01E79 /* Debug */,
				4101182028A28B9C00D01E79 /* Release */,
			);
			defaultConfigurationIsVisible = 0;
			defaultConfigurationName = Release;
		};
		4101182128A28B9C00D01E79 /* Build configuration list for PBXNativeTarget "Consolidation11" */ = {
			isa = XCConfigurationList;
			buildConfigurations = (
				4101182228A28B9C00D01E79 /* Debug */,
				4101182328A28B9C00D01E79 /* Release */,
			);
			defaultConfigurationIsVisible = 0;
			defaultConfigurationName = Release;
		};
/* End XCConfigurationList section */
	};
	rootObject = 4101180528A28B8F00D01E79 /* Project object */;
}
